
Microsoft Visual Studio Solution File, Format Version 12.00
# Visual Studio Version 16
VisualStudioVersion = 16.0.29905.134
MinimumVisualStudioVersion = 10.0.40219.1
Project("{FAE04EC0-301F-11D3-BF4B-00C04F79EFBC}") = "WinForm_Sidebar", "WinForm_Sidebar\WinForm_Sidebar.csproj", "{4D871344-9A89-4446-B7F2-82C8E787CFEF}"
EndProject
Global
	GlobalSection(SolutionConfigurationPlatforms) = preSolution
		Debug|Any CPU = Debug|Any CPU
		Debug|x64 = Debug|x64
		Release|Any CPU = Release|Any CPU
		Release|x64 = Release|x64
	EndGlobalSection
	GlobalSection(ProjectConfigurationPlatforms) = postSolution
		{4D871344-9A89-4446-B7F2-82C8E787CFEF}.Debug|Any CPU.ActiveCfg = Debug|Any CPU
		{4D871344-9A89-4446-B7F2-82C8E787CFEF}.Debug|Any CPU.Build.0 = Debug|Any CPU
		{4D871344-9A89-4446-B7F2-82C8E787CFEF}.Debug|x64.ActiveCfg = Debug|Any CPU
		{4D871344-9A89-4446-B7F2-82C8E787CFEF}.Debug|x64.Build.0 = Debug|Any CPU
		{4D871344-9A89-4446-B7F2-82C8E787CFEF}.Release|Any CPU.ActiveCfg = Release|Any CPU
		{4D871344-9A89-4446-B7F2-82C8E787CFEF}.Release|Any CPU.Build.0 = Release|Any CPU
		{4D871344-9A89-4446-B7F2-82C8E787CFEF}.Release|x64.ActiveCfg = Release|Any CPU
		{4D871344-9A89-4446-B7F2-82C8E787CFEF}.Release|x64.Build.0 = Release|Any CPU
	EndGlobalSection
	GlobalSection(SolutionProperties) = preSolution
		HideSolutionNode = FALSE
	EndGlobalSection
	GlobalSection(ExtensibilityGlobals) = postSolution
		SolutionGuid = {6BBCB46B-9D6D-4D65-AC18-C480657E10DA}
	EndGlobalSection
EndGlobal
